
Microsoft Visual Studio Solution File, Format Version 12.00
# Visual Studio 14
VisualStudioVersion = 14.0.25420.1
MinimumVisualStudioVersion = 10.0.40219.1
Project("{2150E333-8FDC-42A3-9474-1A3956D46DE8}") = "98.DB_Cmd", "98.DB_Cmd", "{69B2D0E9-BB47-4139-BF26-FC991CBD0B36}"
EndProject
Project("{2150E333-8FDC-42A3-9474-1A3956D46DE8}") = "99.메인", "99.메인", "{07481A98-9279-404F-9A39-4A8788369801}"
EndProject
Project("{FAE04EC0-301F-11D3-BF4B-00C04F79EFBC}") = "FILEUPGRADE", "FILEUPGRADE\FILEUPGRADE.csproj", "{CFF51186-A8D2-4667-A7A7-898E3F507E80}"
EndProject
Project("{2150E333-8FDC-42A3-9474-1A3956D46DE8}") = "1.Duty관리", "1.Duty관리", "{EA1E962B-5788-44EC-A0AB-7875DCA23CB9}"
EndProject
Project("{FAE04EC0-301F-11D3-BF4B-00C04F79EFBC}") = "DUTY1000", "DUTY1000\DUTY1000.csproj", "{6A973976-38F7-47C6-8556-89FE440610E1}"
EndProject
Project("{FAE04EC0-301F-11D3-BF4B-00C04F79EFBC}") = "SilkRoad.DbCmd_DT01", "SilkRoad.DbCmd_DT01\SilkRoad.DbCmd_DT01.csproj", "{097C1A73-49B0-4BC2-8E5D-26FB67D14A65}"
EndProject
Project("{FAE04EC0-301F-11D3-BF4B-00C04F79EFBC}") = "SilkRoad.SILKDT01", "SilkRoad.SILKDT01\SilkRoad.SILKDT01.csproj", "{913882ED-FC70-478D-BF22-4C142B974ACF}"
EndProject
Global
	GlobalSection(SolutionConfigurationPlatforms) = preSolution
		Debug|Any CPU = Debug|Any CPU
		Debug|x64 = Debug|x64
		Debug|x86 = Debug|x86
		Release|Any CPU = Release|Any CPU
		Release|x64 = Release|x64
		Release|x86 = Release|x86
	EndGlobalSection
	GlobalSection(ProjectConfigurationPlatforms) = postSolution
		{CFF51186-A8D2-4667-A7A7-898E3F507E80}.Debug|Any CPU.ActiveCfg = Debug|Any CPU
		{CFF51186-A8D2-4667-A7A7-898E3F507E80}.Debug|x64.ActiveCfg = Debug|x64
		{CFF51186-A8D2-4667-A7A7-898E3F507E80}.Debug|x64.Build.0 = Debug|x64
		{CFF51186-A8D2-4667-A7A7-898E3F507E80}.Debug|x86.ActiveCfg = Debug|x86
		{CFF51186-A8D2-4667-A7A7-898E3F507E80}.Debug|x86.Build.0 = Debug|x86
		{CFF51186-A8D2-4667-A7A7-898E3F507E80}.Release|Any CPU.ActiveCfg = Release|Any CPU
		{CFF51186-A8D2-4667-A7A7-898E3F507E80}.Release|Any CPU.Build.0 = Release|Any CPU
		{CFF51186-A8D2-4667-A7A7-898E3F507E80}.Release|x64.ActiveCfg = Release|x64
		{CFF51186-A8D2-4667-A7A7-898E3F507E80}.Release|x64.Build.0 = Release|x64
		{CFF51186-A8D2-4667-A7A7-898E3F507E80}.Release|x86.ActiveCfg = Release|x86
		{CFF51186-A8D2-4667-A7A7-898E3F507E80}.Release|x86.Build.0 = Release|x86
		{6A973976-38F7-47C6-8556-89FE440610E1}.Debug|Any CPU.ActiveCfg = Debug|Any CPU
		{6A973976-38F7-47C6-8556-89FE440610E1}.Debug|Any CPU.Build.0 = Debug|Any CPU
		{6A973976-38F7-47C6-8556-89FE440610E1}.Debug|x64.ActiveCfg = Debug|x64
		{6A973976-38F7-47C6-8556-89FE440610E1}.Debug|x64.Build.0 = Debug|x64
		{6A973976-38F7-47C6-8556-89FE440610E1}.Debug|x86.ActiveCfg = Debug|x86
		{6A973976-38F7-47C6-8556-89FE440610E1}.Debug|x86.Build.0 = Debug|x86
		{6A973976-38F7-47C6-8556-89FE440610E1}.Release|Any CPU.ActiveCfg = Release|Any CPU
		{6A973976-38F7-47C6-8556-89FE440610E1}.Release|Any CPU.Build.0 = Release|Any CPU
		{6A973976-38F7-47C6-8556-89FE440610E1}.Release|x64.ActiveCfg = Release|x64
		{6A973976-38F7-47C6-8556-89FE440610E1}.Release|x64.Build.0 = Release|x64
		{6A973976-38F7-47C6-8556-89FE440610E1}.Release|x86.ActiveCfg = Release|x86
		{6A973976-38F7-47C6-8556-89FE440610E1}.Release|x86.Build.0 = Release|x86
		{097C1A73-49B0-4BC2-8E5D-26FB67D14A65}.Debug|Any CPU.ActiveCfg = Debug|Any CPU
		{097C1A73-49B0-4BC2-8E5D-26FB67D14A65}.Debug|Any CPU.Build.0 = Debug|Any CPU
		{097C1A73-49B0-4BC2-8E5D-26FB67D14A65}.Debug|x64.ActiveCfg = Debug|x64
		{097C1A73-49B0-4BC2-8E5D-26FB67D14A65}.Debug|x64.Build.0 = Debug|x64
		{097C1A73-49B0-4BC2-8E5D-26FB67D14A65}.Debug|x86.ActiveCfg = Debug|x86
		{097C1A73-49B0-4BC2-8E5D-26FB67D14A65}.Debug|x86.Build.0 = Debug|x86
		{097C1A73-49B0-4BC2-8E5D-26FB67D14A65}.Release|Any CPU.ActiveCfg = Release|Any CPU
		{097C1A73-49B0-4BC2-8E5D-26FB67D14A65}.Release|Any CPU.Build.0 = Release|Any CPU
		{097C1A73-49B0-4BC2-8E5D-26FB67D14A65}.Release|x64.ActiveCfg = Release|x64
		{097C1A73-49B0-4BC2-8E5D-26FB67D14A65}.Release|x64.Build.0 = Release|x64
		{097C1A73-49B0-4BC2-8E5D-26FB67D14A65}.Release|x86.ActiveCfg = Release|x86
		{097C1A73-49B0-4BC2-8E5D-26FB67D14A65}.Release|x86.Build.0 = Release|x86
		{913882ED-FC70-478D-BF22-4C142B974ACF}.Debug|Any CPU.ActiveCfg = Debug|Any CPU
		{913882ED-FC70-478D-BF22-4C142B974ACF}.Debug|Any CPU.Build.0 = Debug|Any CPU
		{913882ED-FC70-478D-BF22-4C142B974ACF}.Debug|x64.ActiveCfg = Debug|x64
		{913882ED-FC70-478D-BF22-4C142B974ACF}.Debug|x64.Build.0 = Debug|x64
		{913882ED-FC70-478D-BF22-4C142B974ACF}.Debug|x86.ActiveCfg = Debug|x86
		{913882ED-FC70-478D-BF22-4C142B974ACF}.Debug|x86.Build.0 = Debug|x86
		{913882ED-FC70-478D-BF22-4C142B974ACF}.Release|Any CPU.ActiveCfg = Release|x86
		{913882ED-FC70-478D-BF22-4C142B974ACF}.Release|Any CPU.Build.0 = Release|x86
		{913882ED-FC70-478D-BF22-4C142B974ACF}.Release|x64.ActiveCfg = Release|x64
		{913882ED-FC70-478D-BF22-4C142B974ACF}.Release|x64.Build.0 = Release|x64
		{913882ED-FC70-478D-BF22-4C142B974ACF}.Release|x86.ActiveCfg = Release|x86
		{913882ED-FC70-478D-BF22-4C142B974ACF}.Release|x86.Build.0 = Release|x86
	EndGlobalSection
	GlobalSection(SolutionProperties) = preSolution
		HideSolutionNode = FALSE
	EndGlobalSection
	GlobalSection(NestedProjects) = preSolution
		{6A973976-38F7-47C6-8556-89FE440610E1} = {EA1E962B-5788-44EC-A0AB-7875DCA23CB9}
		{097C1A73-49B0-4BC2-8E5D-26FB67D14A65} = {69B2D0E9-BB47-4139-BF26-FC991CBD0B36}
		{913882ED-FC70-478D-BF22-4C142B974ACF} = {07481A98-9279-404F-9A39-4A8788369801}
	EndGlobalSection
EndGlobal
